
Microsoft Visual Studio Solution File, Format Version 12.00
# Visual Studio Version 17
VisualStudioVersion = 17.9.34714.143
MinimumVisualStudioVersion = 10.0.40219.1
Project("{FAE04EC0-301F-11D3-BF4B-00C04F79EFBC}") = "Radiomics.Net", "Radiomics.Net.csproj", "{AA48FF15-5345-449C-B768-B59E431ECAD7}"
EndProject
Global
	GlobalSection(SolutionConfigurationPlatforms) = preSolution
		Debug|Any CPU = Debug|Any CPU
		Release|Any CPU = Release|Any CPU
	EndGlobalSection
	GlobalSection(ProjectConfigurationPlatforms) = postSolution
		{AA48FF15-5345-449C-B768-B59E431ECAD7}.Debug|Any CPU.ActiveCfg = Debug|Any CPU
		{AA48FF15-5345-449C-B768-B59E431ECAD7}.Debug|Any CPU.Build.0 = Debug|Any CPU
		{AA48FF15-5345-449C-B768-B59E431ECAD7}.Release|Any CPU.ActiveCfg = Release|Any CPU
		{AA48FF15-5345-449C-B768-B59E431ECAD7}.Release|Any CPU.Build.0 = Release|Any CPU
	EndGlobalSection
	GlobalSection(SolutionProperties) = preSolution
		HideSolutionNode = FALSE
	EndGlobalSection
	GlobalSection(ExtensibilityGlobals) = postSolution
		SolutionGuid = {0707ECFE-F613-414A-ADFB-97081203E51C}
	EndGlobalSection
EndGlobal
